
Microsoft Visual Studio Solution File, Format Version 12.00
# Visual Studio Version 17
VisualStudioVersion = 17.13.35818.85
MinimumVisualStudioVersion = 10.0.40219.1
Project("{FAE04EC0-301F-11D3-BF4B-00C04F79EFBC}") = "AutomationExercises", "AutomationExercises.csproj", "{0279472D-2AA1-4FD8-85C8-957460A0B7C5}"
EndProject
Project("{FAE04EC0-301F-11D3-BF4B-00C04F79EFBC}") = "AutomationExercises.Data", "..\AutomationExercises.Data\AutomationExercises.Data.csproj", "{648A5B15-825F-45E9-BDA0-4A006267E1CF}"
EndProject
Global
	GlobalSection(SolutionConfigurationPlatforms) = preSolution
		Debug|Any CPU = Debug|Any CPU
		Release|Any CPU = Release|Any CPU
	EndGlobalSection
	GlobalSection(ProjectConfigurationPlatforms) = postSolution
		{0279472D-2AA1-4FD8-85C8-957460A0B7C5}.Debug|Any CPU.ActiveCfg = Debug|Any CPU
		{0279472D-2AA1-4FD8-85C8-957460A0B7C5}.Debug|Any CPU.Build.0 = Debug|Any CPU
		{0279472D-2AA1-4FD8-85C8-957460A0B7C5}.Release|Any CPU.ActiveCfg = Release|Any CPU
		{0279472D-2AA1-4FD8-85C8-957460A0B7C5}.Release|Any CPU.Build.0 = Release|Any CPU
		{648A5B15-825F-45E9-BDA0-4A006267E1CF}.Debug|Any CPU.ActiveCfg = Debug|Any CPU
		{648A5B15-825F-45E9-BDA0-4A006267E1CF}.Debug|Any CPU.Build.0 = Debug|Any CPU
		{648A5B15-825F-45E9-BDA0-4A006267E1CF}.Release|Any CPU.ActiveCfg = Release|Any CPU
		{648A5B15-825F-45E9-BDA0-4A006267E1CF}.Release|Any CPU.Build.0 = Release|Any CPU
	EndGlobalSection
	GlobalSection(SolutionProperties) = preSolution
		HideSolutionNode = FALSE
	EndGlobalSection
	GlobalSection(ExtensibilityGlobals) = postSolution
		SolutionGuid = {57D9A0E0-37A5-4EEB-AD27-EA5DE9CADF2D}
	EndGlobalSection
EndGlobal
